
Microsoft Visual Studio Solution File, Format Version 12.00
# Visual Studio Version 17
VisualStudioVersion = 17.1.32328.378
MinimumVisualStudioVersion = 10.0.40219.1
Project("{9A19103F-16F7-4668-BE54-9A1E7A4F7556}") = "MovieShopMVC", "MovieShopMVC\MovieShopMVC.csproj", "{812AC831-DFCD-43B4-B72D-252EEAF6EE35}"
EndProject
Project("{9A19103F-16F7-4668-BE54-9A1E7A4F7556}") = "ApplicationCore", "ApplicationCore\ApplicationCore.csproj", "{830FC389-55DA-4121-8159-A39704870864}"
EndProject
Project("{9A19103F-16F7-4668-BE54-9A1E7A4F7556}") = "Infrastructure", "Infrastructure\Infrastructure.csproj", "{D47800EE-2761-4FEE-9A78-9122746B18AD}"
EndProject
Project("{2150E333-8FDC-42A3-9474-1A3956D46DE8}") = "Solution Items", "Solution Items", "{6E829088-BC16-48AB-832A-9AAA2BDEE5D6}"
	ProjectSection(SolutionItems) = preProject
		04-14-Notes.txt = 04-14-Notes.txt
		04-18 Notes.txt = 04-18 Notes.txt
		04-19 Notes.txt = 04-19 Notes.txt
		04-21 Notes.txt = 04-21 Notes.txt
		04-22 Notes.txt = 04-22 Notes.txt
		40-20 Notes.txt = 40-20 Notes.txt
		Notes.txt = Notes.txt
	EndProjectSection
EndProject
Project("{9A19103F-16F7-4668-BE54-9A1E7A4F7556}") = "MovieShopAPI", "MovieShopAPI\MovieShopAPI.csproj", "{B6833C75-8537-427C-AE07-866980D876DC}"
EndProject
Global
	GlobalSection(SolutionConfigurationPlatforms) = preSolution
		Debug|Any CPU = Debug|Any CPU
		Release|Any CPU = Release|Any CPU
	EndGlobalSection
	GlobalSection(ProjectConfigurationPlatforms) = postSolution
		{812AC831-DFCD-43B4-B72D-252EEAF6EE35}.Debug|Any CPU.ActiveCfg = Debug|Any CPU
		{812AC831-DFCD-43B4-B72D-252EEAF6EE35}.Debug|Any CPU.Build.0 = Debug|Any CPU
		{812AC831-DFCD-43B4-B72D-252EEAF6EE35}.Release|Any CPU.ActiveCfg = Release|Any CPU
		{812AC831-DFCD-43B4-B72D-252EEAF6EE35}.Release|Any CPU.Build.0 = Release|Any CPU
		{830FC389-55DA-4121-8159-A39704870864}.Debug|Any CPU.ActiveCfg = Debug|Any CPU
		{830FC389-55DA-4121-8159-A39704870864}.Debug|Any CPU.Build.0 = Debug|Any CPU
		{830FC389-55DA-4121-8159-A39704870864}.Release|Any CPU.ActiveCfg = Release|Any CPU
		{830FC389-55DA-4121-8159-A39704870864}.Release|Any CPU.Build.0 = Release|Any CPU
		{D47800EE-2761-4FEE-9A78-9122746B18AD}.Debug|Any CPU.ActiveCfg = Debug|Any CPU
		{D47800EE-2761-4FEE-9A78-9122746B18AD}.Debug|Any CPU.Build.0 = Debug|Any CPU
		{D47800EE-2761-4FEE-9A78-9122746B18AD}.Release|Any CPU.ActiveCfg = Release|Any CPU
		{D47800EE-2761-4FEE-9A78-9122746B18AD}.Release|Any CPU.Build.0 = Release|Any CPU
		{B6833C75-8537-427C-AE07-866980D876DC}.Debug|Any CPU.ActiveCfg = Debug|Any CPU
		{B6833C75-8537-427C-AE07-866980D876DC}.Debug|Any CPU.Build.0 = Debug|Any CPU
		{B6833C75-8537-427C-AE07-866980D876DC}.Release|Any CPU.ActiveCfg = Release|Any CPU
		{B6833C75-8537-427C-AE07-866980D876DC}.Release|Any CPU.Build.0 = Release|Any CPU
	EndGlobalSection
	GlobalSection(SolutionProperties) = preSolution
		HideSolutionNode = FALSE
	EndGlobalSection
	GlobalSection(ExtensibilityGlobals) = postSolution
		SolutionGuid = {75D26551-88E4-455E-BD51-6D389B08B8C5}
	EndGlobalSection
EndGlobal
